
Microsoft Visual Studio Solution File, Format Version 12.00
# Visual Studio Version 17
VisualStudioVersion = 17.12.35707.178
MinimumVisualStudioVersion = 10.0.40219.1
Project("{FAE04EC0-301F-11D3-BF4B-00C04F79EFBC}") = "McCadel", "McCadel\McCadel.csproj", "{D088C404-9FA8-4896-8656-0F2354348E47}"
EndProject
Project("{FAE04EC0-301F-11D3-BF4B-00C04F79EFBC}") = "ClassLibraryMcCadel", "ClassLibraryMcCadel\ClassLibraryMcCadel.csproj", "{178A05FE-2539-4AEF-80B1-ED9A29D8F31A}"
EndProject
Project("{FAE04EC0-301F-11D3-BF4B-00C04F79EFBC}") = "WinFormsAppTest", "WinFormsAppTest\WinFormsAppTest.csproj", "{DA7B54B6-2378-4600-876E-BF7F39FC19D5}"
EndProject
Global
	GlobalSection(SolutionConfigurationPlatforms) = preSolution
		Debug|Any CPU = Debug|Any CPU
		Release|Any CPU = Release|Any CPU
	EndGlobalSection
	GlobalSection(ProjectConfigurationPlatforms) = postSolution
		{D088C404-9FA8-4896-8656-0F2354348E47}.Debug|Any CPU.ActiveCfg = Debug|Any CPU
		{D088C404-9FA8-4896-8656-0F2354348E47}.Debug|Any CPU.Build.0 = Debug|Any CPU
		{D088C404-9FA8-4896-8656-0F2354348E47}.Release|Any CPU.ActiveCfg = Release|Any CPU
		{D088C404-9FA8-4896-8656-0F2354348E47}.Release|Any CPU.Build.0 = Release|Any CPU
		{178A05FE-2539-4AEF-80B1-ED9A29D8F31A}.Debug|Any CPU.ActiveCfg = Debug|Any CPU
		{178A05FE-2539-4AEF-80B1-ED9A29D8F31A}.Debug|Any CPU.Build.0 = Debug|Any CPU
		{178A05FE-2539-4AEF-80B1-ED9A29D8F31A}.Release|Any CPU.ActiveCfg = Release|Any CPU
		{178A05FE-2539-4AEF-80B1-ED9A29D8F31A}.Release|Any CPU.Build.0 = Release|Any CPU
		{DA7B54B6-2378-4600-876E-BF7F39FC19D5}.Debug|Any CPU.ActiveCfg = Debug|Any CPU
		{DA7B54B6-2378-4600-876E-BF7F39FC19D5}.Debug|Any CPU.Build.0 = Debug|Any CPU
		{DA7B54B6-2378-4600-876E-BF7F39FC19D5}.Release|Any CPU.ActiveCfg = Release|Any CPU
		{DA7B54B6-2378-4600-876E-BF7F39FC19D5}.Release|Any CPU.Build.0 = Release|Any CPU
	EndGlobalSection
	GlobalSection(SolutionProperties) = preSolution
		HideSolutionNode = FALSE
	EndGlobalSection
EndGlobal
